// !$*UTF8*$!
{
	archiveVersion = 1;
	classes = {
	};
	objectVersion = 56;
	objects = {

/* Begin PBXBuildFile section */
		1CB15D549E2A342B21DDEE71 /* Pods_SuperHeroGrid_SuperHeroGridUITests.framework in Frameworks */ = {isa = PBXBuildFile; fileRef = D7E4AD629CFB32F8BAD34324 /* Pods_SuperHeroGrid_SuperHeroGridUITests.framework */; };
		5BA6A2BC6A8C9AD6CB30BEA4 /* Pods_SuperHeroGrid.framework in Frameworks */ = {isa = PBXBuildFile; fileRef = 853F144CFC882033F5E1F951 /* Pods_SuperHeroGrid.framework */; };
		71212A26382B2EFBF3478BF6 /* Pods_SuperHeroGridTests.framework in Frameworks */ = {isa = PBXBuildFile; fileRef = 056243F9A7FA1C035C3725A6 /* Pods_SuperHeroGridTests.framework */; };
		EE4547B0298C713900699E53 /* SuperHeroGridApp.swift in Sources */ = {isa = PBXBuildFile; fileRef = EE4547AF298C713900699E53 /* SuperHeroGridApp.swift */; };
		EE4547B2298C713900699E53 /* SuperHeroGridView.swift in Sources */ = {isa = PBXBuildFile; fileRef = EE4547B1298C713900699E53 /* SuperHeroGridView.swift */; };
		EE4547B4298C713A00699E53 /* Assets.xcassets in Resources */ = {isa = PBXBuildFile; fileRef = EE4547B3298C713A00699E53 /* Assets.xcassets */; };
		EE4547B7298C713A00699E53 /* Preview Assets.xcassets in Resources */ = {isa = PBXBuildFile; fileRef = EE4547B6298C713A00699E53 /* Preview Assets.xcassets */; };
		EE4547C1298C713B00699E53 /* SuperHeroGridTests.swift in Sources */ = {isa = PBXBuildFile; fileRef = EE4547C0298C713B00699E53 /* SuperHeroGridTests.swift */; };
		EE4547CB298C713B00699E53 /* SuperHeroGridUITests.swift in Sources */ = {isa = PBXBuildFile; fileRef = EE4547CA298C713B00699E53 /* SuperHeroGridUITests.swift */; };
		EE4547CD298C713B00699E53 /* SuperHeroGridUITestsLaunchTests.swift in Sources */ = {isa = PBXBuildFile; fileRef = EE4547CC298C713B00699E53 /* SuperHeroGridUITestsLaunchTests.swift */; };
		EE4547E0298C76B600699E53 /* SuperHeroModel.swift in Sources */ = {isa = PBXBuildFile; fileRef = EE4547DF298C76B600699E53 /* SuperHeroModel.swift */; };
		EE4547E2298C781100699E53 /* SuperHeroViewModel.swift in Sources */ = {isa = PBXBuildFile; fileRef = EE4547E1298C781100699E53 /* SuperHeroViewModel.swift */; };
		EE4547E4298C785600699E53 /* APIRouter.swift in Sources */ = {isa = PBXBuildFile; fileRef = EE4547E3298C785600699E53 /* APIRouter.swift */; };
		EE4547E7298C790000699E53 /* DeveloperPreview.swift in Sources */ = {isa = PBXBuildFile; fileRef = EE4547E6298C790000699E53 /* DeveloperPreview.swift */; };
		EE4547EA298C7B1500699E53 /* SuperHeroDataService.swift in Sources */ = {isa = PBXBuildFile; fileRef = EE4547E9298C7B1500699E53 /* SuperHeroDataService.swift */; };
		EE4547EC298C802700699E53 /* SuperHeroItemView.swift in Sources */ = {isa = PBXBuildFile; fileRef = EE4547EB298C802700699E53 /* SuperHeroItemView.swift */; };
		EE4547EE298C82BE00699E53 /* SuperHeroDetailView.swift in Sources */ = {isa = PBXBuildFile; fileRef = EE4547ED298C82BE00699E53 /* SuperHeroDetailView.swift */; };
		EE4547F0298C8E8C00699E53 /* Constants.swift in Sources */ = {isa = PBXBuildFile; fileRef = EE4547EF298C8E8C00699E53 /* Constants.swift */; };
		EE4547F2298C900800699E53 /* APIClient.swift in Sources */ = {isa = PBXBuildFile; fileRef = EE4547F1298C900800699E53 /* APIClient.swift */; };
/* End PBXBuildFile section */

/* Begin PBXContainerItemProxy section */
		EE4547BD298C713B00699E53 /* PBXContainerItemProxy */ = {
			isa = PBXContainerItemProxy;
			containerPortal = EE4547A4298C713900699E53 /* Project object */;
			proxyType = 1;
			remoteGlobalIDString = EE4547AB298C713900699E53;
			remoteInfo = SuperHeroGrid;
		};
		EE4547C7298C713B00699E53 /* PBXContainerItemProxy */ = {
			isa = PBXContainerItemProxy;
			containerPortal = EE4547A4298C713900699E53 /* Project object */;
			proxyType = 1;
			remoteGlobalIDString = EE4547AB298C713900699E53;
			remoteInfo = SuperHeroGrid;
		};
/* End PBXContainerItemProxy section */

/* Begin PBXFileReference section */
		056243F9A7FA1C035C3725A6 /* Pods_SuperHeroGridTests.framework */ = {isa = PBXFileReference; explicitFileType = wrapper.framework; includeInIndex = 0; path = Pods_SuperHeroGridTests.framework; sourceTree = BUILT_PRODUCTS_DIR; };
		3582690A7F66369C7D93C66C /* Pods-SuperHeroGrid-SuperHeroGridUITests.release.xcconfig */ = {isa = PBXFileReference; includeInIndex = 1; lastKnownFileType = text.xcconfig; name = "Pods-SuperHeroGrid-SuperHeroGridUITests.release.xcconfig"; path = "Target Support Files/Pods-SuperHeroGrid-SuperHeroGridUITests/Pods-SuperHeroGrid-SuperHeroGridUITests.release.xcconfig"; sourceTree = "<group>"; };
		40C93DD33A096238AEAC4AB9 /* Pods-SuperHeroGridTests.release.xcconfig */ = {isa = PBXFileReference; includeInIndex = 1; lastKnownFileType = text.xcconfig; name = "Pods-SuperHeroGridTests.release.xcconfig"; path = "Target Support Files/Pods-SuperHeroGridTests/Pods-SuperHeroGridTests.release.xcconfig"; sourceTree = "<group>"; };
		5C79C92EC8DC4F56D034B3FD /* Pods-SuperHeroGridTests.debug.xcconfig */ = {isa = PBXFileReference; includeInIndex = 1; lastKnownFileType = text.xcconfig; name = "Pods-SuperHeroGridTests.debug.xcconfig"; path = "Target Support Files/Pods-SuperHeroGridTests/Pods-SuperHeroGridTests.debug.xcconfig"; sourceTree = "<group>"; };
		853F144CFC882033F5E1F951 /* Pods_SuperHeroGrid.framework */ = {isa = PBXFileReference; explicitFileType = wrapper.framework; includeInIndex = 0; path = Pods_SuperHeroGrid.framework; sourceTree = BUILT_PRODUCTS_DIR; };
		8C29E259A58C90E80FE15814 /* Pods-SuperHeroGrid.release.xcconfig */ = {isa = PBXFileReference; includeInIndex = 1; lastKnownFileType = text.xcconfig; name = "Pods-SuperHeroGrid.release.xcconfig"; path = "Target Support Files/Pods-SuperHeroGrid/Pods-SuperHeroGrid.release.xcconfig"; sourceTree = "<group>"; };
		BBEADC9E1F0110C801FB2C4E /* Pods-SuperHeroGrid.debug.xcconfig */ = {isa = PBXFileReference; includeInIndex = 1; lastKnownFileType = text.xcconfig; name = "Pods-SuperHeroGrid.debug.xcconfig"; path = "Target Support Files/Pods-SuperHeroGrid/Pods-SuperHeroGrid.debug.xcconfig"; sourceTree = "<group>"; };
		D7E4AD629CFB32F8BAD34324 /* Pods_SuperHeroGrid_SuperHeroGridUITests.framework */ = {isa = PBXFileReference; explicitFileType = wrapper.framework; includeInIndex = 0; path = Pods_SuperHeroGrid_SuperHeroGridUITests.framework; sourceTree = BUILT_PRODUCTS_DIR; };
		EE4547AC298C713900699E53 /* SuperHeroGrid.app */ = {isa = PBXFileReference; explicitFileType = wrapper.application; includeInIndex = 0; path = SuperHeroGrid.app; sourceTree = BUILT_PRODUCTS_DIR; };
		EE4547AF298C713900699E53 /* SuperHeroGridApp.swift */ = {isa = PBXFileReference; lastKnownFileType = sourcecode.swift; path = SuperHeroGridApp.swift; sourceTree = "<group>"; };
		EE4547B1298C713900699E53 /* SuperHeroGridView.swift */ = {isa = PBXFileReference; lastKnownFileType = sourcecode.swift; path = SuperHeroGridView.swift; sourceTree = "<group>"; };
		EE4547B3298C713A00699E53 /* Assets.xcassets */ = {isa = PBXFileReference; lastKnownFileType = folder.assetcatalog; path = Assets.xcassets; sourceTree = "<group>"; };
		EE4547B6298C713A00699E53 /* Preview Assets.xcassets */ = {isa = PBXFileReference; lastKnownFileType = folder.assetcatalog; path = "Preview Assets.xcassets"; sourceTree = "<group>"; };
		EE4547BC298C713B00699E53 /* SuperHeroGridTests.xctest */ = {isa = PBXFileReference; explicitFileType = wrapper.cfbundle; includeInIndex = 0; path = SuperHeroGridTests.xctest; sourceTree = BUILT_PRODUCTS_DIR; };
		EE4547C0298C713B00699E53 /* SuperHeroGridTests.swift */ = {isa = PBXFileReference; lastKnownFileType = sourcecode.swift; path = SuperHeroGridTests.swift; sourceTree = "<group>"; };
		EE4547C6298C713B00699E53 /* SuperHeroGridUITests.xctest */ = {isa = PBXFileReference; explicitFileType = wrapper.cfbundle; includeInIndex = 0; path = SuperHeroGridUITests.xctest; sourceTree = BUILT_PRODUCTS_DIR; };
		EE4547CA298C713B00699E53 /* SuperHeroGridUITests.swift */ = {isa = PBXFileReference; lastKnownFileType = sourcecode.swift; path = SuperHeroGridUITests.swift; sourceTree = "<group>"; };
		EE4547CC298C713B00699E53 /* SuperHeroGridUITestsLaunchTests.swift */ = {isa = PBXFileReference; lastKnownFileType = sourcecode.swift; path = SuperHeroGridUITestsLaunchTests.swift; sourceTree = "<group>"; };
		EE4547D9298C747000699E53 /* Info.plist */ = {isa = PBXFileReference; lastKnownFileType = text.plist; path = Info.plist; sourceTree = "<group>"; };
		EE4547DF298C76B600699E53 /* SuperHeroModel.swift */ = {isa = PBXFileReference; lastKnownFileType = sourcecode.swift; path = SuperHeroModel.swift; sourceTree = "<group>"; };
		EE4547E1298C781100699E53 /* SuperHeroViewModel.swift */ = {isa = PBXFileReference; lastKnownFileType = sourcecode.swift; path = SuperHeroViewModel.swift; sourceTree = "<group>"; };
		EE4547E3298C785600699E53 /* APIRouter.swift */ = {isa = PBXFileReference; lastKnownFileType = sourcecode.swift; path = APIRouter.swift; sourceTree = "<group>"; };
		EE4547E6298C790000699E53 /* DeveloperPreview.swift */ = {isa = PBXFileReference; lastKnownFileType = sourcecode.swift; path = DeveloperPreview.swift; sourceTree = "<group>"; };
		EE4547E9298C7B1500699E53 /* SuperHeroDataService.swift */ = {isa = PBXFileReference; lastKnownFileType = sourcecode.swift; path = SuperHeroDataService.swift; sourceTree = "<group>"; };
		EE4547EB298C802700699E53 /* SuperHeroItemView.swift */ = {isa = PBXFileReference; lastKnownFileType = sourcecode.swift; path = SuperHeroItemView.swift; sourceTree = "<group>"; };
		EE4547ED298C82BE00699E53 /* SuperHeroDetailView.swift */ = {isa = PBXFileReference; lastKnownFileType = sourcecode.swift; path = SuperHeroDetailView.swift; sourceTree = "<group>"; };
		EE4547EF298C8E8C00699E53 /* Constants.swift */ = {isa = PBXFileReference; lastKnownFileType = sourcecode.swift; path = Constants.swift; sourceTree = "<group>"; };
		EE4547F1298C900800699E53 /* APIClient.swift */ = {isa = PBXFileReference; lastKnownFileType = sourcecode.swift; path = APIClient.swift; sourceTree = "<group>"; };
		FDE0957E0E104BBB5ED763EA /* Pods-SuperHeroGrid-SuperHeroGridUITests.debug.xcconfig */ = {isa = PBXFileReference; includeInIndex = 1; lastKnownFileType = text.xcconfig; name = "Pods-SuperHeroGrid-SuperHeroGridUITests.debug.xcconfig"; path = "Target Support Files/Pods-SuperHeroGrid-SuperHeroGridUITests/Pods-SuperHeroGrid-SuperHeroGridUITests.debug.xcconfig"; sourceTree = "<group>"; };
/* End PBXFileReference section */

/* Begin PBXFrameworksBuildPhase section */
		EE4547A9298C713900699E53 /* Frameworks */ = {
			isa = PBXFrameworksBuildPhase;
			buildActionMask = 2147483647;
			files = (
				5BA6A2BC6A8C9AD6CB30BEA4 /* Pods_SuperHeroGrid.framework in Frameworks */,
			);
			runOnlyForDeploymentPostprocessing = 0;
		};
		EE4547B9298C713B00699E53 /* Frameworks */ = {
			isa = PBXFrameworksBuildPhase;
			buildActionMask = 2147483647;
			files = (
				71212A26382B2EFBF3478BF6 /* Pods_SuperHeroGridTests.framework in Frameworks */,
			);
			runOnlyForDeploymentPostprocessing = 0;
		};
		EE4547C3298C713B00699E53 /* Frameworks */ = {
			isa = PBXFrameworksBuildPhase;
			buildActionMask = 2147483647;
			files = (
				1CB15D549E2A342B21DDEE71 /* Pods_SuperHeroGrid_SuperHeroGridUITests.framework in Frameworks */,
			);
			runOnlyForDeploymentPostprocessing = 0;
		};
/* End PBXFrameworksBuildPhase section */

/* Begin PBXGroup section */
		AD851B63C83B7FCD1C782889 /* Pods */ = {
			isa = PBXGroup;
			children = (
				BBEADC9E1F0110C801FB2C4E /* Pods-SuperHeroGrid.debug.xcconfig */,
				8C29E259A58C90E80FE15814 /* Pods-SuperHeroGrid.release.xcconfig */,
				FDE0957E0E104BBB5ED763EA /* Pods-SuperHeroGrid-SuperHeroGridUITests.debug.xcconfig */,
				3582690A7F66369C7D93C66C /* Pods-SuperHeroGrid-SuperHeroGridUITests.release.xcconfig */,
				5C79C92EC8DC4F56D034B3FD /* Pods-SuperHeroGridTests.debug.xcconfig */,
				40C93DD33A096238AEAC4AB9 /* Pods-SuperHeroGridTests.release.xcconfig */,
			);
			path = Pods;
			sourceTree = "<group>";
		};
		E26B996F68F65D2355455BAD /* Frameworks */ = {
			isa = PBXGroup;
			children = (
				853F144CFC882033F5E1F951 /* Pods_SuperHeroGrid.framework */,
				D7E4AD629CFB32F8BAD34324 /* Pods_SuperHeroGrid_SuperHeroGridUITests.framework */,
				056243F9A7FA1C035C3725A6 /* Pods_SuperHeroGridTests.framework */,
			);
			name = Frameworks;
			sourceTree = "<group>";
		};
		EE4547A3298C713900699E53 = {
			isa = PBXGroup;
			children = (
				EE4547AE298C713900699E53 /* SuperHeroGrid */,
				EE4547BF298C713B00699E53 /* SuperHeroGridTests */,
				EE4547C9298C713B00699E53 /* SuperHeroGridUITests */,
				EE4547AD298C713900699E53 /* Products */,
				AD851B63C83B7FCD1C782889 /* Pods */,
				E26B996F68F65D2355455BAD /* Frameworks */,
			);
			sourceTree = "<group>";
		};
		EE4547AD298C713900699E53 /* Products */ = {
			isa = PBXGroup;
			children = (
				EE4547AC298C713900699E53 /* SuperHeroGrid.app */,
				EE4547BC298C713B00699E53 /* SuperHeroGridTests.xctest */,
				EE4547C6298C713B00699E53 /* SuperHeroGridUITests.xctest */,
			);
			name = Products;
			sourceTree = "<group>";
		};
		EE4547AE298C713900699E53 /* SuperHeroGrid */ = {
			isa = PBXGroup;
			children = (
				EE4547E8298C7AFE00699E53 /* Services */,
				EE4547E5298C78F500699E53 /* Extensions */,
				EE4547AF298C713900699E53 /* SuperHeroGridApp.swift */,
				EE4547DD298C74AC00699E53 /* Utilities */,
				EE4547DA298C748000699E53 /* Model */,
				EE4547DB298C748700699E53 /* View */,
				EE4547DC298C749000699E53 /* ViewModel */,
				EE4547D9298C747000699E53 /* Info.plist */,
				EE4547B3298C713A00699E53 /* Assets.xcassets */,
				EE4547B5298C713A00699E53 /* Preview Content */,
			);
			path = SuperHeroGrid;
			sourceTree = "<group>";
		};
		EE4547B5298C713A00699E53 /* Preview Content */ = {
			isa = PBXGroup;
			children = (
				EE4547B6298C713A00699E53 /* Preview Assets.xcassets */,
			);
			path = "Preview Content";
			sourceTree = "<group>";
		};
		EE4547BF298C713B00699E53 /* SuperHeroGridTests */ = {
			isa = PBXGroup;
			children = (
				EE4547C0298C713B00699E53 /* SuperHeroGridTests.swift */,
			);
			path = SuperHeroGridTests;
			sourceTree = "<group>";
		};
		EE4547C9298C713B00699E53 /* SuperHeroGridUITests */ = {
			isa = PBXGroup;
			children = (
				EE4547CA298C713B00699E53 /* SuperHeroGridUITests.swift */,
				EE4547CC298C713B00699E53 /* SuperHeroGridUITestsLaunchTests.swift */,
			);
			path = SuperHeroGridUITests;
			sourceTree = "<group>";
		};
		EE4547DA298C748000699E53 /* Model */ = {
			isa = PBXGroup;
			children = (
				EE4547DF298C76B600699E53 /* SuperHeroModel.swift */,
			);
			path = Model;
			sourceTree = "<group>";
		};
		EE4547DB298C748700699E53 /* View */ = {
			isa = PBXGroup;
			children = (
				EE4547B1298C713900699E53 /* SuperHeroGridView.swift */,
				EE4547EB298C802700699E53 /* SuperHeroItemView.swift */,
				EE4547ED298C82BE00699E53 /* SuperHeroDetailView.swift */,
			);
			path = View;
			sourceTree = "<group>";
		};
		EE4547DC298C749000699E53 /* ViewModel */ = {
			isa = PBXGroup;
			children = (
				EE4547E1298C781100699E53 /* SuperHeroViewModel.swift */,
			);
			path = ViewModel;
			sourceTree = "<group>";
		};
		EE4547DD298C74AC00699E53 /* Utilities */ = {
			isa = PBXGroup;
			children = (
				EE4547E3298C785600699E53 /* APIRouter.swift */,
				EE4547EF298C8E8C00699E53 /* Constants.swift */,
				EE4547F1298C900800699E53 /* APIClient.swift */,
			);
			path = Utilities;
			sourceTree = "<group>";
		};
		EE4547E5298C78F500699E53 /* Extensions */ = {
			isa = PBXGroup;
			children = (
				EE4547E6298C790000699E53 /* DeveloperPreview.swift */,
			);
			path = Extensions;
			sourceTree = "<group>";
		};
		EE4547E8298C7AFE00699E53 /* Services */ = {
			isa = PBXGroup;
			children = (
				EE4547E9298C7B1500699E53 /* SuperHeroDataService.swift */,
			);
			path = Services;
			sourceTree = "<group>";
		};
/* End PBXGroup section */

/* Begin PBXNativeTarget section */
		EE4547AB298C713900699E53 /* SuperHeroGrid */ = {
			isa = PBXNativeTarget;
			buildConfigurationList = EE4547D0298C713B00699E53 /* Build configuration list for PBXNativeTarget "SuperHeroGrid" */;
			buildPhases = (
				3DC25FD82B8B7EA5E7261774 /* [CP] Check Pods Manifest.lock */,
				EE4547A8298C713900699E53 /* Sources */,
				EE4547A9298C713900699E53 /* Frameworks */,
				EE4547AA298C713900699E53 /* Resources */,
				D5BC9BED9340803DE1CC7D9D /* [CP] Embed Pods Frameworks */,
			);
			buildRules = (
			);
			dependencies = (
			);
			name = SuperHeroGrid;
			productName = SuperHeroGrid;
			productReference = EE4547AC298C713900699E53 /* SuperHeroGrid.app */;
			productType = "com.apple.product-type.application";
		};
		EE4547BB298C713B00699E53 /* SuperHeroGridTests */ = {
			isa = PBXNativeTarget;
			buildConfigurationList = EE4547D3298C713B00699E53 /* Build configuration list for PBXNativeTarget "SuperHeroGridTests" */;
			buildPhases = (
				1CBBC62B91E89122483FFCB3 /* [CP] Check Pods Manifest.lock */,
				EE4547B8298C713B00699E53 /* Sources */,
				EE4547B9298C713B00699E53 /* Frameworks */,
				EE4547BA298C713B00699E53 /* Resources */,
			);
			buildRules = (
			);
			dependencies = (
				EE4547BE298C713B00699E53 /* PBXTargetDependency */,
			);
			name = SuperHeroGridTests;
			productName = SuperHeroGridTests;
			productReference = EE4547BC298C713B00699E53 /* SuperHeroGridTests.xctest */;
			productType = "com.apple.product-type.bundle.unit-test";
		};
		EE4547C5298C713B00699E53 /* SuperHeroGridUITests */ = {
			isa = PBXNativeTarget;
			buildConfigurationList = EE4547D6298C713B00699E53 /* Build configuration list for PBXNativeTarget "SuperHeroGridUITests" */;
			buildPhases = (
				E5C6FE63E5F4C1F36BCEF407 /* [CP] Check Pods Manifest.lock */,
				EE4547C2298C713B00699E53 /* Sources */,
				EE4547C3298C713B00699E53 /* Frameworks */,
				EE4547C4298C713B00699E53 /* Resources */,
				70EFE878572BCE2B0CCAEC57 /* [CP] Embed Pods Frameworks */,
			);
			buildRules = (
			);
			dependencies = (
				EE4547C8298C713B00699E53 /* PBXTargetDependency */,
			);
			name = SuperHeroGridUITests;
			productName = SuperHeroGridUITests;
			productReference = EE4547C6298C713B00699E53 /* SuperHeroGridUITests.xctest */;
			productType = "com.apple.product-type.bundle.ui-testing";
		};
/* End PBXNativeTarget section */

/* Begin PBXProject section */
		EE4547A4298C713900699E53 /* Project object */ = {
			isa = PBXProject;
			attributes = {
				BuildIndependentTargetsInParallel = 1;
				LastSwiftUpdateCheck = 1420;
				LastUpgradeCheck = 1420;
				TargetAttributes = {
					EE4547AB298C713900699E53 = {
						CreatedOnToolsVersion = 14.2;
					};
					EE4547BB298C713B00699E53 = {
						CreatedOnToolsVersion = 14.2;
						TestTargetID = EE4547AB298C713900699E53;
					};
					EE4547C5298C713B00699E53 = {
						CreatedOnToolsVersion = 14.2;
						TestTargetID = EE4547AB298C713900699E53;
					};
				};
			};
			buildConfigurationList = EE4547A7298C713900699E53 /* Build configuration list for PBXProject "SuperHeroGrid" */;
			compatibilityVersion = "Xcode 14.0";
			developmentRegion = en;
			hasScannedForEncodings = 0;
			knownRegions = (
				en,
				Base,
			);
			mainGroup = EE4547A3298C713900699E53;
			productRefGroup = EE4547AD298C713900699E53 /* Products */;
			projectDirPath = "";
			projectRoot = "";
			targets = (
				EE4547AB298C713900699E53 /* SuperHeroGrid */,
				EE4547BB298C713B00699E53 /* SuperHeroGridTests */,
				EE4547C5298C713B00699E53 /* SuperHeroGridUITests */,
			);
		};
/* End PBXProject section */

/* Begin PBXResourcesBuildPhase section */
		EE4547AA298C713900699E53 /* Resources */ = {
			isa = PBXResourcesBuildPhase;
			buildActionMask = 2147483647;
			files = (
				EE4547B7298C713A00699E53 /* Preview Assets.xcassets in Resources */,
				EE4547B4298C713A00699E53 /* Assets.xcassets in Resources */,
			);
			runOnlyForDeploymentPostprocessing = 0;
		};
		EE4547BA298C713B00699E53 /* Resources */ = {
			isa = PBXResourcesBuildPhase;
			buildActionMask = 2147483647;
			files = (
			);
			runOnlyForDeploymentPostprocessing = 0;
		};
		EE4547C4298C713B00699E53 /* Resources */ = {
			isa = PBXResourcesBuildPhase;
			buildActionMask = 2147483647;
			files = (
			);
			runOnlyForDeploymentPostprocessing = 0;
		};
/* End PBXResourcesBuildPhase section */

/* Begin PBXShellScriptBuildPhase section */
		1CBBC62B91E89122483FFCB3 /* [CP] Check Pods Manifest.lock */ = {
			isa = PBXShellScriptBuildPhase;
			buildActionMask = 2147483647;
			files = (
			);
			inputFileListPaths = (
			);
			inputPaths = (
				"${PODS_PODFILE_DIR_PATH}/Podfile.lock",
				"${PODS_ROOT}/Manifest.lock",
			);
			name = "[CP] Check Pods Manifest.lock";
			outputFileListPaths = (
			);
			outputPaths = (
				"$(DERIVED_FILE_DIR)/Pods-SuperHeroGridTests-checkManifestLockResult.txt",
			);
			runOnlyForDeploymentPostprocessing = 0;
			shellPath = /bin/sh;
			shellScript = "diff \"${PODS_PODFILE_DIR_PATH}/Podfile.lock\" \"${PODS_ROOT}/Manifest.lock\" > /dev/null\nif [ $? != 0 ] ; then\n    # print error to STDERR\n    echo \"error: The sandbox is not in sync with the Podfile.lock. Run 'pod install' or update your CocoaPods installation.\" >&2\n    exit 1\nfi\n# This output is used by Xcode 'outputs' to avoid re-running this script phase.\necho \"SUCCESS\" > \"${SCRIPT_OUTPUT_FILE_0}\"\n";
			showEnvVarsInLog = 0;
		};
		3DC25FD82B8B7EA5E7261774 /* [CP] Check Pods Manifest.lock */ = {
			isa = PBXShellScriptBuildPhase;
			buildActionMask = 2147483647;
			files = (
			);
			inputFileListPaths = (
			);
			inputPaths = (
				"${PODS_PODFILE_DIR_PATH}/Podfile.lock",
				"${PODS_ROOT}/Manifest.lock",
			);
			name = "[CP] Check Pods Manifest.lock";
			outputFileListPaths = (
			);
			outputPaths = (
				"$(DERIVED_FILE_DIR)/Pods-SuperHeroGrid-checkManifestLockResult.txt",
			);
			runOnlyForDeploymentPostprocessing = 0;
			shellPath = /bin/sh;
			shellScript = "diff \"${PODS_PODFILE_DIR_PATH}/Podfile.lock\" \"${PODS_ROOT}/Manifest.lock\" > /dev/null\nif [ $? != 0 ] ; then\n    # print error to STDERR\n    echo \"error: The sandbox is not in sync with the Podfile.lock. Run 'pod install' or update your CocoaPods installation.\" >&2\n    exit 1\nfi\n# This output is used by Xcode 'outputs' to avoid re-running this script phase.\necho \"SUCCESS\" > \"${SCRIPT_OUTPUT_FILE_0}\"\n";
			showEnvVarsInLog = 0;
		};
		70EFE878572BCE2B0CCAEC57 /* [CP] Embed Pods Frameworks */ = {
			isa = PBXShellScriptBuildPhase;
			buildActionMask = 2147483647;
			files = (
			);
			inputFileListPaths = (
				"${PODS_ROOT}/Target Support Files/Pods-SuperHeroGrid-SuperHeroGridUITests/Pods-SuperHeroGrid-SuperHeroGridUITests-frameworks-${CONFIGURATION}-input-files.xcfilelist",
			);
			name = "[CP] Embed Pods Frameworks";
			outputFileListPaths = (
				"${PODS_ROOT}/Target Support Files/Pods-SuperHeroGrid-SuperHeroGridUITests/Pods-SuperHeroGrid-SuperHeroGridUITests-frameworks-${CONFIGURATION}-output-files.xcfilelist",
			);
			runOnlyForDeploymentPostprocessing = 0;
			shellPath = /bin/sh;
			shellScript = "\"${PODS_ROOT}/Target Support Files/Pods-SuperHeroGrid-SuperHeroGridUITests/Pods-SuperHeroGrid-SuperHeroGridUITests-frameworks.sh\"\n";
			showEnvVarsInLog = 0;
		};
		D5BC9BED9340803DE1CC7D9D /* [CP] Embed Pods Frameworks */ = {
			isa = PBXShellScriptBuildPhase;
			buildActionMask = 2147483647;
			files = (
			);
			inputFileListPaths = (
				"${PODS_ROOT}/Target Support Files/Pods-SuperHeroGrid/Pods-SuperHeroGrid-frameworks-${CONFIGURATION}-input-files.xcfilelist",
			);
			name = "[CP] Embed Pods Frameworks";
			outputFileListPaths = (
				"${PODS_ROOT}/Target Support Files/Pods-SuperHeroGrid/Pods-SuperHeroGrid-frameworks-${CONFIGURATION}-output-files.xcfilelist",
			);
			runOnlyForDeploymentPostprocessing = 0;
			shellPath = /bin/sh;
			shellScript = "\"${PODS_ROOT}/Target Support Files/Pods-SuperHeroGrid/Pods-SuperHeroGrid-frameworks.sh\"\n";
			showEnvVarsInLog = 0;
		};
		E5C6FE63E5F4C1F36BCEF407 /* [CP] Check Pods Manifest.lock */ = {
			isa = PBXShellScriptBuildPhase;
			buildActionMask = 2147483647;
			files = (
			);
			inputFileListPaths = (
			);
			inputPaths = (
				"${PODS_PODFILE_DIR_PATH}/Podfile.lock",
				"${PODS_ROOT}/Manifest.lock",
			);
			name = "[CP] Check Pods Manifest.lock";
			outputFileListPaths = (
			);
			outputPaths = (
				"$(DERIVED_FILE_DIR)/Pods-SuperHeroGrid-SuperHeroGridUITests-checkManifestLockResult.txt",
			);
			runOnlyForDeploymentPostprocessing = 0;
			shellPath = /bin/sh;
			shellScript = "diff \"${PODS_PODFILE_DIR_PATH}/Podfile.lock\" \"${PODS_ROOT}/Manifest.lock\" > /dev/null\nif [ $? != 0 ] ; then\n    # print error to STDERR\n    echo \"error: The sandbox is not in sync with the Podfile.lock. Run 'pod install' or update your CocoaPods installation.\" >&2\n    exit 1\nfi\n# This output is used by Xcode 'outputs' to avoid re-running this script phase.\necho \"SUCCESS\" > \"${SCRIPT_OUTPUT_FILE_0}\"\n";
			showEnvVarsInLog = 0;
		};
/* End PBXShellScriptBuildPhase section */

/* Begin PBXSourcesBuildPhase section */
		EE4547A8298C713900699E53 /* Sources */ = {
			isa = PBXSourcesBuildPhase;
			buildActionMask = 2147483647;
			files = (
				EE4547E2298C781100699E53 /* SuperHeroViewModel.swift in Sources */,
				EE4547EC298C802700699E53 /* SuperHeroItemView.swift in Sources */,
				EE4547EE298C82BE00699E53 /* SuperHeroDetailView.swift in Sources */,
				EE4547E0298C76B600699E53 /* SuperHeroModel.swift in Sources */,
				EE4547B2298C713900699E53 /* SuperHeroGridView.swift in Sources */,
				EE4547F2298C900800699E53 /* APIClient.swift in Sources */,
				EE4547F0298C8E8C00699E53 /* Constants.swift in Sources */,
				EE4547E4298C785600699E53 /* APIRouter.swift in Sources */,
				EE4547EA298C7B1500699E53 /* SuperHeroDataService.swift in Sources */,
				EE4547E7298C790000699E53 /* DeveloperPreview.swift in Sources */,
				EE4547B0298C713900699E53 /* SuperHeroGridApp.swift in Sources */,
			);
			runOnlyForDeploymentPostprocessing = 0;
		};
		EE4547B8298C713B00699E53 /* Sources */ = {
			isa = PBXSourcesBuildPhase;
			buildActionMask = 2147483647;
			files = (
				EE4547C1298C713B00699E53 /* SuperHeroGridTests.swift in Sources */,
			);
			runOnlyForDeploymentPostprocessing = 0;
		};
		EE4547C2298C713B00699E53 /* Sources */ = {
			isa = PBXSourcesBuildPhase;
			buildActionMask = 2147483647;
			files = (
				EE4547CD298C713B00699E53 /* SuperHeroGridUITestsLaunchTests.swift in Sources */,
				EE4547CB298C713B00699E53 /* SuperHeroGridUITests.swift in Sources */,
			);
			runOnlyForDeploymentPostprocessing = 0;
		};
/* End PBXSourcesBuildPhase section */

/* Begin PBXTargetDependency section */
		EE4547BE298C713B00699E53 /* PBXTargetDependency */ = {
			isa = PBXTargetDependency;
			target = EE4547AB298C713900699E53 /* SuperHeroGrid */;
			targetProxy = EE4547BD298C713B00699E53 /* PBXContainerItemProxy */;
		};
		EE4547C8298C713B00699E53 /* PBXTargetDependency */ = {
			isa = PBXTargetDependency;
			target = EE4547AB298C713900699E53 /* SuperHeroGrid */;
			targetProxy = EE4547C7298C713B00699E53 /* PBXContainerItemProxy */;
		};
/* End PBXTargetDependency section */

/* Begin XCBuildConfiguration section */
		EE4547CE298C713B00699E53 /* Debug */ = {
			isa = XCBuildConfiguration;
			buildSettings = {
				ALWAYS_SEARCH_USER_PATHS = NO;
				CLANG_ANALYZER_NONNULL = YES;
				CLANG_ANALYZER_NUMBER_OBJECT_CONVERSION = YES_AGGRESSIVE;
				CLANG_CXX_LANGUAGE_STANDARD = "gnu++20";
				CLANG_ENABLE_MODULES = YES;
				CLANG_ENABLE_OBJC_ARC = YES;
				CLANG_ENABLE_OBJC_WEAK = YES;
				CLANG_WARN_BLOCK_CAPTURE_AUTORELEASING = YES;
				CLANG_WARN_BOOL_CONVERSION = YES;
				CLANG_WARN_COMMA = YES;
				CLANG_WARN_CONSTANT_CONVERSION = YES;
				CLANG_WARN_DEPRECATED_OBJC_IMPLEMENTATIONS = YES;
				CLANG_WARN_DIRECT_OBJC_ISA_USAGE = YES_ERROR;
				CLANG_WARN_DOCUMENTATION_COMMENTS = YES;
				CLANG_WARN_EMPTY_BODY = YES;
				CLANG_WARN_ENUM_CONVERSION = YES;
				CLANG_WARN_INFINITE_RECURSION = YES;
				CLANG_WARN_INT_CONVERSION = YES;
				CLANG_WARN_NON_LITERAL_NULL_CONVERSION = YES;
				CLANG_WARN_OBJC_IMPLICIT_RETAIN_SELF = YES;
				CLANG_WARN_OBJC_LITERAL_CONVERSION = YES;
				CLANG_WARN_OBJC_ROOT_CLASS = YES_ERROR;
				CLANG_WARN_QUOTED_INCLUDE_IN_FRAMEWORK_HEADER = YES;
				CLANG_WARN_RANGE_LOOP_ANALYSIS = YES;
				CLANG_WARN_STRICT_PROTOTYPES = YES;
				CLANG_WARN_SUSPICIOUS_MOVE = YES;
				CLANG_WARN_UNGUARDED_AVAILABILITY = YES_AGGRESSIVE;
				CLANG_WARN_UNREACHABLE_CODE = YES;
				CLANG_WARN__DUPLICATE_METHOD_MATCH = YES;
				COPY_PHASE_STRIP = NO;
				DEBUG_INFORMATION_FORMAT = dwarf;
				ENABLE_STRICT_OBJC_MSGSEND = YES;
				ENABLE_TESTABILITY = YES;
				GCC_C_LANGUAGE_STANDARD = gnu11;
				GCC_DYNAMIC_NO_PIC = NO;
				GCC_NO_COMMON_BLOCKS = YES;
				GCC_OPTIMIZATION_LEVEL = 0;
				GCC_PREPROCESSOR_DEFINITIONS = (
					"DEBUG=1",
					"$(inherited)",
				);
				GCC_WARN_64_TO_32_BIT_CONVERSION = YES;
				GCC_WARN_ABOUT_RETURN_TYPE = YES_ERROR;
				GCC_WARN_UNDECLARED_SELECTOR = YES;
				GCC_WARN_UNINITIALIZED_AUTOS = YES_AGGRESSIVE;
				GCC_WARN_UNUSED_FUNCTION = YES;
				GCC_WARN_UNUSED_VARIABLE = YES;
				IPHONEOS_DEPLOYMENT_TARGET = 16.2;
				MTL_ENABLE_DEBUG_INFO = INCLUDE_SOURCE;
				MTL_FAST_MATH = YES;
				ONLY_ACTIVE_ARCH = YES;
				SDKROOT = iphoneos;
				SWIFT_ACTIVE_COMPILATION_CONDITIONS = DEBUG;
				SWIFT_OPTIMIZATION_LEVEL = "-Onone";
			};
			name = Debug;
		};
		EE4547CF298C713B00699E53 /* Release */ = {
			isa = XCBuildConfiguration;
			buildSettings = {
				ALWAYS_SEARCH_USER_PATHS = NO;
				CLANG_ANALYZER_NONNULL = YES;
				CLANG_ANALYZER_NUMBER_OBJECT_CONVERSION = YES_AGGRESSIVE;
				CLANG_CXX_LANGUAGE_STANDARD = "gnu++20";
				CLANG_ENABLE_MODULES = YES;
				CLANG_ENABLE_OBJC_ARC = YES;
				CLANG_ENABLE_OBJC_WEAK = YES;
				CLANG_WARN_BLOCK_CAPTURE_AUTORELEASING = YES;
				CLANG_WARN_BOOL_CONVERSION = YES;
				CLANG_WARN_COMMA = YES;
				CLANG_WARN_CONSTANT_CONVERSION = YES;
				CLANG_WARN_DEPRECATED_OBJC_IMPLEMENTATIONS = YES;
				CLANG_WARN_DIRECT_OBJC_ISA_USAGE = YES_ERROR;
				CLANG_WARN_DOCUMENTATION_COMMENTS = YES;
				CLANG_WARN_EMPTY_BODY = YES;
				CLANG_WARN_ENUM_CONVERSION = YES;
				CLANG_WARN_INFINITE_RECURSION = YES;
				CLANG_WARN_INT_CONVERSION = YES;
				CLANG_WARN_NON_LITERAL_NULL_CONVERSION = YES;
				CLANG_WARN_OBJC_IMPLICIT_RETAIN_SELF = YES;
				CLANG_WARN_OBJC_LITERAL_CONVERSION = YES;
				CLANG_WARN_OBJC_ROOT_CLASS = YES_ERROR;
				CLANG_WARN_QUOTED_INCLUDE_IN_FRAMEWORK_HEADER = YES;
				CLANG_WARN_RANGE_LOOP_ANALYSIS = YES;
				CLANG_WARN_STRICT_PROTOTYPES = YES;
				CLANG_WARN_SUSPICIOUS_MOVE = YES;
				CLANG_WARN_UNGUARDED_AVAILABILITY = YES_AGGRESSIVE;
				CLANG_WARN_UNREACHABLE_CODE = YES;
				CLANG_WARN__DUPLICATE_METHOD_MATCH = YES;
				COPY_PHASE_STRIP = NO;
				DEBUG_INFORMATION_FORMAT = "dwarf-with-dsym";
				ENABLE_NS_ASSERTIONS = NO;
				ENABLE_STRICT_OBJC_MSGSEND = YES;
				GCC_C_LANGUAGE_STANDARD = gnu11;
				GCC_NO_COMMON_BLOCKS = YES;
				GCC_WARN_64_TO_32_BIT_CONVERSION = YES;
				GCC_WARN_ABOUT_RETURN_TYPE = YES_ERROR;
				GCC_WARN_UNDECLARED_SELECTOR = YES;
				GCC_WARN_UNINITIALIZED_AUTOS = YES_AGGRESSIVE;
				GCC_WARN_UNUSED_FUNCTION = YES;
				GCC_WARN_UNUSED_VARIABLE = YES;
				IPHONEOS_DEPLOYMENT_TARGET = 16.2;
				MTL_ENABLE_DEBUG_INFO = NO;
				MTL_FAST_MATH = YES;
				SDKROOT = iphoneos;
				SWIFT_COMPILATION_MODE = wholemodule;
				SWIFT_OPTIMIZATION_LEVEL = "-O";
				VALIDATE_PRODUCT = YES;
			};
			name = Release;
		};
		EE4547D1298C713B00699E53 /* Debug */ = {
			isa = XCBuildConfiguration;
			baseConfigurationReference = BBEADC9E1F0110C801FB2C4E /* Pods-SuperHeroGrid.debug.xcconfig */;
			buildSettings = {
				ASSETCATALOG_COMPILER_APPICON_NAME = AppIcon;
				ASSETCATALOG_COMPILER_GLOBAL_ACCENT_COLOR_NAME = AccentColor;
				CODE_SIGN_STYLE = Automatic;
				CURRENT_PROJECT_VERSION = 1;
				DEVELOPMENT_ASSET_PATHS = "\"SuperHeroGrid/Preview Content\"";
				DEVELOPMENT_TEAM = K5323HMYDK;
				ENABLE_PREVIEWS = YES;
				GENERATE_INFOPLIST_FILE = YES;
				INFOPLIST_FILE = SuperHeroGrid/Info.plist;
				INFOPLIST_KEY_CFBundleDisplayName = "Super Hero Grid";
				INFOPLIST_KEY_UIApplicationSupportsIndirectInputEvents = YES;
				INFOPLIST_KEY_UILaunchScreen_Generation = YES;
				INFOPLIST_KEY_UISupportedInterfaceOrientations = UIInterfaceOrientationPortrait;
				LD_RUNPATH_SEARCH_PATHS = (
					"$(inherited)",
					"@executable_path/Frameworks",
				);
				MARKETING_VERSION = 1.0;
				PRODUCT_BUNDLE_IDENTIFIER = com.derliscrdev.SuperHeroGrid;
				PRODUCT_NAME = "$(TARGET_NAME)";
				SWIFT_EMIT_LOC_STRINGS = YES;
				SWIFT_VERSION = 5.0;
				TARGETED_DEVICE_FAMILY = "1,2";
			};
			name = Debug;
		};
		EE4547D2298C713B00699E53 /* Release */ = {
			isa = XCBuildConfiguration;
			baseConfigurationReference = 8C29E259A58C90E80FE15814 /* Pods-SuperHeroGrid.release.xcconfig */;
			buildSettings = {
				ASSETCATALOG_COMPILER_APPICON_NAME = AppIcon;
				ASSETCATALOG_COMPILER_GLOBAL_ACCENT_COLOR_NAME = AccentColor;
				CODE_SIGN_STYLE = Automatic;
				CURRENT_PROJECT_VERSION = 1;
				DEVELOPMENT_ASSET_PATHS = "\"SuperHeroGrid/Preview Content\"";
				DEVELOPMENT_TEAM = K5323HMYDK;
				ENABLE_PREVIEWS = YES;
				GENERATE_INFOPLIST_FILE = YES;
				INFOPLIST_FILE = SuperHeroGrid/Info.plist;
				INFOPLIST_KEY_CFBundleDisplayName = "Super Hero Grid";
				INFOPLIST_KEY_UIApplicationSupportsIndirectInputEvents = YES;
				INFOPLIST_KEY_UILaunchScreen_Generation = YES;
				INFOPLIST_KEY_UISupportedInterfaceOrientations = UIInterfaceOrientationPortrait;
				LD_RUNPATH_SEARCH_PATHS = (
					"$(inherited)",
					"@executable_path/Frameworks",
				);
				MARKETING_VERSION = 1.0;
				PRODUCT_BUNDLE_IDENTIFIER = com.derliscrdev.SuperHeroGrid;
				PRODUCT_NAME = "$(TARGET_NAME)";
				SWIFT_EMIT_LOC_STRINGS = YES;
				SWIFT_VERSION = 5.0;
				TARGETED_DEVICE_FAMILY = "1,2";
			};
			name = Release;
		};
		EE4547D4298C713B00699E53 /* Debug */ = {
			isa = XCBuildConfiguration;
			baseConfigurationReference = 5C79C92EC8DC4F56D034B3FD /* Pods-SuperHeroGridTests.debug.xcconfig */;
			buildSettings = {
				ALWAYS_EMBED_SWIFT_STANDARD_LIBRARIES = YES;
				BUNDLE_LOADER = "$(TEST_HOST)";
				CODE_SIGN_STYLE = Automatic;
				CURRENT_PROJECT_VERSION = 1;
				DEVELOPMENT_TEAM = K5323HMYDK;
				GENERATE_INFOPLIST_FILE = YES;
				IPHONEOS_DEPLOYMENT_TARGET = 16.2;
				MARKETING_VERSION = 1.0;
				PRODUCT_BUNDLE_IDENTIFIER = com.derliscrdev.SuperHeroGridTests;
				PRODUCT_NAME = "$(TARGET_NAME)";
				SWIFT_EMIT_LOC_STRINGS = NO;
				SWIFT_VERSION = 5.0;
				TARGETED_DEVICE_FAMILY = "1,2";
				TEST_HOST = "$(BUILT_PRODUCTS_DIR)/SuperHeroGrid.app/$(BUNDLE_EXECUTABLE_FOLDER_PATH)/SuperHeroGrid";
			};
			name = Debug;
		};
		EE4547D5298C713B00699E53 /* Release */ = {
			isa = XCBuildConfiguration;
			baseConfigurationReference = 40C93DD33A096238AEAC4AB9 /* Pods-SuperHeroGridTests.release.xcconfig */;
			buildSettings = {
				ALWAYS_EMBED_SWIFT_STANDARD_LIBRARIES = YES;
				BUNDLE_LOADER = "$(TEST_HOST)";
				CODE_SIGN_STYLE = Automatic;
				CURRENT_PROJECT_VERSION = 1;
				DEVELOPMENT_TEAM = K5323HMYDK;
				GENERATE_INFOPLIST_FILE = YES;
				IPHONEOS_DEPLOYMENT_TARGET = 16.2;
				MARKETING_VERSION = 1.0;
				PRODUCT_BUNDLE_IDENTIFIER = com.derliscrdev.SuperHeroGridTests;
				PRODUCT_NAME = "$(TARGET_NAME)";
				SWIFT_EMIT_LOC_STRINGS = NO;
				SWIFT_VERSION = 5.0;
				TARGETED_DEVICE_FAMILY = "1,2";
				TEST_HOST = "$(BUILT_PRODUCTS_DIR)/SuperHeroGrid.app/$(BUNDLE_EXECUTABLE_FOLDER_PATH)/SuperHeroGrid";
			};
			name = Release;
		};
		EE4547D7298C713B00699E53 /* Debug */ = {
			isa = XCBuildConfiguration;
			baseConfigurationReference = FDE0957E0E104BBB5ED763EA /* Pods-SuperHeroGrid-SuperHeroGridUITests.debug.xcconfig */;
			buildSettings = {
				ALWAYS_EMBED_SWIFT_STANDARD_LIBRARIES = YES;
				CODE_SIGN_STYLE = Automatic;
				CURRENT_PROJECT_VERSION = 1;
				DEVELOPMENT_TEAM = K5323HMYDK;
				GENERATE_INFOPLIST_FILE = YES;
				MARKETING_VERSION = 1.0;
				PRODUCT_BUNDLE_IDENTIFIER = com.derliscrdev.SuperHeroGridUITests;
				PRODUCT_NAME = "$(TARGET_NAME)";
				SWIFT_EMIT_LOC_STRINGS = NO;
				SWIFT_VERSION = 5.0;
				TARGETED_DEVICE_FAMILY = "1,2";
				TEST_TARGET_NAME = SuperHeroGrid;
			};
			name = Debug;
		};
		EE4547D8298C713B00699E53 /* Release */ = {
			isa = XCBuildConfiguration;
			baseConfigurationReference = 3582690A7F66369C7D93C66C /* Pods-SuperHeroGrid-SuperHeroGridUITests.release.xcconfig */;
			buildSettings = {
				ALWAYS_EMBED_SWIFT_STANDARD_LIBRARIES = YES;
				CODE_SIGN_STYLE = Automatic;
				CURRENT_PROJECT_VERSION = 1;
				DEVELOPMENT_TEAM = K5323HMYDK;
				GENERATE_INFOPLIST_FILE = YES;
				MARKETING_VERSION = 1.0;
				PRODUCT_BUNDLE_IDENTIFIER = com.derliscrdev.SuperHeroGridUITests;
				PRODUCT_NAME = "$(TARGET_NAME)";
				SWIFT_EMIT_LOC_STRINGS = NO;
				SWIFT_VERSION = 5.0;
				TARGETED_DEVICE_FAMILY = "1,2";
				TEST_TARGET_NAME = SuperHeroGrid;
			};
			name = Release;
		};
/* End XCBuildConfiguration section */

/* Begin XCConfigurationList section */
		EE4547A7298C713900699E53 /* Build configuration list for PBXProject "SuperHeroGrid" */ = {
			isa = XCConfigurationList;
			buildConfigurations = (
				EE4547CE298C713B00699E53 /* Debug */,
				EE4547CF298C713B00699E53 /* Release */,
			);
			defaultConfigurationIsVisible = 0;
			defaultConfigurationName = Release;
		};
		EE4547D0298C713B00699E53 /* Build configuration list for PBXNativeTarget "SuperHeroGrid" */ = {
			isa = XCConfigurationList;
			buildConfigurations = (
				EE4547D1298C713B00699E53 /* Debug */,
				EE4547D2298C713B00699E53 /* Release */,
			);
			defaultConfigurationIsVisible = 0;
			defaultConfigurationName = Release;
		};
		EE4547D3298C713B00699E53 /* Build configuration list for PBXNativeTarget "SuperHeroGridTests" */ = {
			isa = XCConfigurationList;
			buildConfigurations = (
				EE4547D4298C713B00699E53 /* Debug */,
				EE4547D5298C713B00699E53 /* Release */,
			);
			defaultConfigurationIsVisible = 0;
			defaultConfigurationName = Release;
		};
		EE4547D6298C713B00699E53 /* Build configuration list for PBXNativeTarget "SuperHeroGridUITests" */ = {
			isa = XCConfigurationList;
			buildConfigurations = (
				EE4547D7298C713B00699E53 /* Debug */,
				EE4547D8298C713B00699E53 /* Release */,
			);
			defaultConfigurationIsVisible = 0;
			defaultConfigurationName = Release;
		};
/* End XCConfigurationList section */
	};
	rootObject = EE4547A4298C713900699E53 /* Project object */;
}
